// !$*UTF8*$!
{
	archiveVersion = 1;
	classes = {
	};
	objectVersion = 46;
	objects = {

/* Begin PBXBuildFile section */
		1823A8E117BEAC7500D58582 /* UIColor+RandomColors.m in Sources */ = {isa = PBXBuildFile; fileRef = 1823A8D017BEAC7500D58582 /* UIColor+RandomColors.m */; };
		1823A8E217BEAC7500D58582 /* UIView+Shadows.m in Sources */ = {isa = PBXBuildFile; fileRef = 1823A8D217BEAC7500D58582 /* UIView+Shadows.m */; };
		1823A8E317BEAC7500D58582 /* SCAppDelegate.m in Sources */ = {isa = PBXBuildFile; fileRef = 1823A8D417BEAC7500D58582 /* SCAppDelegate.m */; };
		1823A8E817BEAC7500D58582 /* SCRootViewController.m in Sources */ = {isa = PBXBuildFile; fileRef = 1823A8DF17BEAC7500D58582 /* SCRootViewController.m */; };
		1823A8E917BEAC7500D58582 /* SCRootViewController.xib in Resources */ = {isa = PBXBuildFile; fileRef = 1823A8E017BEAC7500D58582 /* SCRootViewController.xib */; };
		1830BFDE1886C060004ED34D /* SCStackNavigationStep.m in Sources */ = {isa = PBXBuildFile; fileRef = 1830BFDD1886C060004ED34D /* SCStackNavigationStep.m */; };
		18364B4817BFB6450066F67A /* SCMainViewController.m in Sources */ = {isa = PBXBuildFile; fileRef = 18364B4617BFB6450066F67A /* SCMainViewController.m */; };
		18364B4917BFB6450066F67A /* SCMainViewController.xib in Resources */ = {isa = PBXBuildFile; fileRef = 18364B4717BFB6450066F67A /* SCMainViewController.xib */; };
		183913261A6ADD7700BD9B59 /* SCStackViewControllerView.m in Sources */ = {isa = PBXBuildFile; fileRef = 183913251A6ADD7700BD9B59 /* SCStackViewControllerView.m */; };
		18439FB518912EB10094674E /* SCResizingStackLayouter.m in Sources */ = {isa = PBXBuildFile; fileRef = 18439FB418912EB10094674E /* SCResizingStackLayouter.m */; };
		186814A71B36A82B00697D20 /* panorama.jpg in Resources */ = {isa = PBXBuildFile; fileRef = 186814A61B36A82B00697D20 /* panorama.jpg */; };
		186F755C1B00A0FB0073714C /* left-menu-tab.png in Resources */ = {isa = PBXBuildFile; fileRef = 186F75581B00A0FB0073714C /* left-menu-tab.png */; };
		186F755D1B00A0FB0073714C /* left-menu-tab@2x.png in Resources */ = {isa = PBXBuildFile; fileRef = 186F75591B00A0FB0073714C /* left-menu-tab@2x.png */; };
		186F755E1B00A0FB0073714C /* right-menu-tab.png in Resources */ = {isa = PBXBuildFile; fileRef = 186F755A1B00A0FB0073714C /* right-menu-tab.png */; };
		186F755F1B00A0FB0073714C /* right-menu-tab@2x.png in Resources */ = {isa = PBXBuildFile; fileRef = 186F755B1B00A0FB0073714C /* right-menu-tab@2x.png */; };
		1870D3C61AFEC0EE0041C6D8 /* feathers.jpg in Resources */ = {isa = PBXBuildFile; fileRef = 1870D3C51AFEC0EE0041C6D8 /* feathers.jpg */; };
		189627941AFE8212003D96F1 /* SCReversedStackLayouter.m in Sources */ = {isa = PBXBuildFile; fileRef = 189627931AFE8212003D96F1 /* SCReversedStackLayouter.m */; };
		189627961AFE8423003D96F1 /* london.jpg in Resources */ = {isa = PBXBuildFile; fileRef = 189627951AFE8423003D96F1 /* london.jpg */; };
		18B382381B01D6AF008E7C4B /* SCImagesLayouter.m in Sources */ = {isa = PBXBuildFile; fileRef = 18B382261B01D6AF008E7C4B /* SCImagesLayouter.m */; };
		18B382391B01D6AF008E7C4B /* SCImageViewController.m in Sources */ = {isa = PBXBuildFile; fileRef = 18B382281B01D6AF008E7C4B /* SCImageViewController.m */; };
		18B3823A1B01D6AF008E7C4B /* SCImageViewController.xib in Resources */ = {isa = PBXBuildFile; fileRef = 18B382291B01D6AF008E7C4B /* SCImageViewController.xib */; };
		18B3823B1B01D6AF008E7C4B /* SCMenusLayouter.m in Sources */ = {isa = PBXBuildFile; fileRef = 18B3822C1B01D6AF008E7C4B /* SCMenusLayouter.m */; };
		18B3823C1B01D6AF008E7C4B /* SCMenuViewController.m in Sources */ = {isa = PBXBuildFile; fileRef = 18B3822E1B01D6AF008E7C4B /* SCMenuViewController.m */; };
		18B3823D1B01D6AF008E7C4B /* SCMenuViewController.xib in Resources */ = {isa = PBXBuildFile; fileRef = 18B3822F1B01D6AF008E7C4B /* SCMenuViewController.xib */; };
		18B3823E1B01D6AF008E7C4B /* SCModalViewController.m in Sources */ = {isa = PBXBuildFile; fileRef = 18B382321B01D6AF008E7C4B /* SCModalViewController.m */; };
		18B3823F1B01D6AF008E7C4B /* SCModalViewController.xib in Resources */ = {isa = PBXBuildFile; fileRef = 18B382331B01D6AF008E7C4B /* SCModalViewController.xib */; };
		18B382401B01D6AF008E7C4B /* SCTitleBarViewController.m in Sources */ = {isa = PBXBuildFile; fileRef = 18B382361B01D6AF008E7C4B /* SCTitleBarViewController.m */; };
		18B382411B01D6AF008E7C4B /* SCTitleBarViewController.xib in Resources */ = {isa = PBXBuildFile; fileRef = 18B382371B01D6AF008E7C4B /* SCTitleBarViewController.xib */; };
		18B382471B01D929008E7C4B /* SCModalLayouter.m in Sources */ = {isa = PBXBuildFile; fileRef = 18B382461B01D929008E7C4B /* SCModalLayouter.m */; };
		18B601781840F0F500E3A0DD /* SCOverlayView.m in Sources */ = {isa = PBXBuildFile; fileRef = 18B601771840F0F500E3A0DD /* SCOverlayView.m */; };
		18B6017A1840F10700E3A0DD /* SCOverlayView.xib in Resources */ = {isa = PBXBuildFile; fileRef = 18B601791840F10700E3A0DD /* SCOverlayView.xib */; };
		18C4D6AE17F0C82A0046FACD /* SCParallaxStackLayouter.m in Sources */ = {isa = PBXBuildFile; fileRef = 18C4D6A117F0C82A0046FACD /* SCParallaxStackLayouter.m */; };
		18C4D6AF17F0C82A0046FACD /* SCSlidingStackLayouter.m in Sources */ = {isa = PBXBuildFile; fileRef = 18C4D6A317F0C82A0046FACD /* SCSlidingStackLayouter.m */; };
		18C4D6B017F0C82A0046FACD /* SCStackLayouter.m in Sources */ = {isa = PBXBuildFile; fileRef = 18C4D6A517F0C82A0046FACD /* SCStackLayouter.m */; };
		18C4D6B117F0C82A0046FACD /* SCStackViewController.m in Sources */ = {isa = PBXBuildFile; fileRef = 18C4D6A817F0C82A0046FACD /* SCStackViewController.m */; };
		18C8B23317BFC443000FAEE5 /* QuartzCore.framework in Frameworks */ = {isa = PBXBuildFile; fileRef = 18C8B23217BFC443000FAEE5 /* QuartzCore.framework */; };
		18ED27791B02481800659E87 /* SCTitleBarCollectionViewCell.m in Sources */ = {isa = PBXBuildFile; fileRef = 18ED27771B02481800659E87 /* SCTitleBarCollectionViewCell.m */; };
		18ED277A1B02481800659E87 /* SCTitleBarCollectionViewCell.xib in Resources */ = {isa = PBXBuildFile; fileRef = 18ED27781B02481800659E87 /* SCTitleBarCollectionViewCell.xib */; };
		18FEAAE617B3ED2F00788EF0 /* UIKit.framework in Frameworks */ = {isa = PBXBuildFile; fileRef = 18FEAAE517B3ED2F00788EF0 /* UIKit.framework */; };
		18FEAAE817B3ED2F00788EF0 /* Foundation.framework in Frameworks */ = {isa = PBXBuildFile; fileRef = 18FEAAE717B3ED2F00788EF0 /* Foundation.framework */; };
		18FEAAEA17B3ED2F00788EF0 /* CoreGraphics.framework in Frameworks */ = {isa = PBXBuildFile; fileRef = 18FEAAE917B3ED2F00788EF0 /* CoreGraphics.framework */; };
		18FEAAF217B3ED2F00788EF0 /* main.m in Sources */ = {isa = PBXBuildFile; fileRef = 18FEAAF117B3ED2F00788EF0 /* main.m */; };
		A3BBEC421749042B6A2646AD /* libPods.a in Frameworks */ = {isa = PBXBuildFile; fileRef = EBCFE08D7F870C09CCE0F816 /* libPods.a */; };
/* End PBXBuildFile section */

/* Begin PBXFileReference section */
		1823A8CF17BEAC7500D58582 /* UIColor+RandomColors.h */ = {isa = PBXFileReference; fileEncoding = 4; lastKnownFileType = sourcecode.c.h; path = "UIColor+RandomColors.h"; sourceTree = "<group>"; };
		1823A8D017BEAC7500D58582 /* UIColor+RandomColors.m */ = {isa = PBXFileReference; fileEncoding = 4; lastKnownFileType = sourcecode.c.objc; path = "UIColor+RandomColors.m"; sourceTree = "<group>"; };
		1823A8D117BEAC7500D58582 /* UIView+Shadows.h */ = {isa = PBXFileReference; fileEncoding = 4; lastKnownFileType = sourcecode.c.h; path = "UIView+Shadows.h"; sourceTree = "<group>"; };
		1823A8D217BEAC7500D58582 /* UIView+Shadows.m */ = {isa = PBXFileReference; fileEncoding = 4; lastKnownFileType = sourcecode.c.objc; path = "UIView+Shadows.m"; sourceTree = "<group>"; };
		1823A8D317BEAC7500D58582 /* SCAppDelegate.h */ = {isa = PBXFileReference; fileEncoding = 4; lastKnownFileType = sourcecode.c.h; path = SCAppDelegate.h; sourceTree = "<group>"; };
		1823A8D417BEAC7500D58582 /* SCAppDelegate.m */ = {isa = PBXFileReference; fileEncoding = 4; lastKnownFileType = sourcecode.c.objc; path = SCAppDelegate.m; sourceTree = "<group>"; };
		1823A8DE17BEAC7500D58582 /* SCRootViewController.h */ = {isa = PBXFileReference; fileEncoding = 4; lastKnownFileType = sourcecode.c.h; path = SCRootViewController.h; sourceTree = "<group>"; };
		1823A8DF17BEAC7500D58582 /* SCRootViewController.m */ = {isa = PBXFileReference; fileEncoding = 4; lastKnownFileType = sourcecode.c.objc; path = SCRootViewController.m; sourceTree = "<group>"; };
		1823A8E017BEAC7500D58582 /* SCRootViewController.xib */ = {isa = PBXFileReference; fileEncoding = 4; lastKnownFileType = file.xib; path = SCRootViewController.xib; sourceTree = "<group>"; };
		1830BFDC1886C060004ED34D /* SCStackNavigationStep.h */ = {isa = PBXFileReference; fileEncoding = 4; lastKnownFileType = sourcecode.c.h; path = SCStackNavigationStep.h; sourceTree = "<group>"; };
		1830BFDD1886C060004ED34D /* SCStackNavigationStep.m */ = {isa = PBXFileReference; fileEncoding = 4; lastKnownFileType = sourcecode.c.objc; path = SCStackNavigationStep.m; sourceTree = "<group>"; };
		18364B4517BFB6450066F67A /* SCMainViewController.h */ = {isa = PBXFileReference; fileEncoding = 4; lastKnownFileType = sourcecode.c.h; path = SCMainViewController.h; sourceTree = "<group>"; };
		18364B4617BFB6450066F67A /* SCMainViewController.m */ = {isa = PBXFileReference; fileEncoding = 4; lastKnownFileType = sourcecode.c.objc; path = SCMainViewController.m; sourceTree = "<group>"; };
		18364B4717BFB6450066F67A /* SCMainViewController.xib */ = {isa = PBXFileReference; fileEncoding = 4; lastKnownFileType = file.xib; path = SCMainViewController.xib; sourceTree = "<group>"; };
		183913241A6ADD7700BD9B59 /* SCStackViewControllerView.h */ = {isa = PBXFileReference; fileEncoding = 4; lastKnownFileType = sourcecode.c.h; path = SCStackViewControllerView.h; sourceTree = "<group>"; };
		183913251A6ADD7700BD9B59 /* SCStackViewControllerView.m */ = {isa = PBXFileReference; fileEncoding = 4; lastKnownFileType = sourcecode.c.objc; path = SCStackViewControllerView.m; sourceTree = "<group>"; };
		18439FB318912EB10094674E /* SCResizingStackLayouter.h */ = {isa = PBXFileReference; fileEncoding = 4; lastKnownFileType = sourcecode.c.h; path = SCResizingStackLayouter.h; sourceTree = "<group>"; };
		18439FB418912EB10094674E /* SCResizingStackLayouter.m */ = {isa = PBXFileReference; fileEncoding = 4; lastKnownFileType = sourcecode.c.objc; path = SCResizingStackLayouter.m; sourceTree = "<group>"; };
		186814A61B36A82B00697D20 /* panorama.jpg */ = {isa = PBXFileReference; lastKnownFileType = image.jpeg; path = panorama.jpg; sourceTree = "<group>"; };
		186F75581B00A0FB0073714C /* left-menu-tab.png */ = {isa = PBXFileReference; lastKnownFileType = image.png; path = "left-menu-tab.png"; sourceTree = "<group>"; };
		186F75591B00A0FB0073714C /* left-menu-tab@2x.png */ = {isa = PBXFileReference; lastKnownFileType = image.png; path = "left-menu-tab@2x.png"; sourceTree = "<group>"; };
		186F755A1B00A0FB0073714C /* right-menu-tab.png */ = {isa = PBXFileReference; lastKnownFileType = image.png; path = "right-menu-tab.png"; sourceTree = "<group>"; };
		186F755B1B00A0FB0073714C /* right-menu-tab@2x.png */ = {isa = PBXFileReference; lastKnownFileType = image.png; path = "right-menu-tab@2x.png"; sourceTree = "<group>"; };
		1870D3C21AFEA7C40041C6D8 /* SCStackedViewControllerProtocol.h */ = {isa = PBXFileReference; fileEncoding = 4; lastKnownFileType = sourcecode.c.h; path = SCStackedViewControllerProtocol.h; sourceTree = "<group>"; };
		1870D3C51AFEC0EE0041C6D8 /* feathers.jpg */ = {isa = PBXFileReference; lastKnownFileType = image.jpeg; path = feathers.jpg; sourceTree = "<group>"; };
		189627921AFE8212003D96F1 /* SCReversedStackLayouter.h */ = {isa = PBXFileReference; fileEncoding = 4; lastKnownFileType = sourcecode.c.h; path = SCReversedStackLayouter.h; sourceTree = "<group>"; };
		189627931AFE8212003D96F1 /* SCReversedStackLayouter.m */ = {isa = PBXFileReference; fileEncoding = 4; lastKnownFileType = sourcecode.c.objc; path = SCReversedStackLayouter.m; sourceTree = "<group>"; };
		189627951AFE8423003D96F1 /* london.jpg */ = {isa = PBXFileReference; lastKnownFileType = image.jpeg; path = london.jpg; sourceTree = "<group>"; };
		18B382251B01D6AF008E7C4B /* SCImagesLayouter.h */ = {isa = PBXFileReference; fileEncoding = 4; lastKnownFileType = sourcecode.c.h; path = SCImagesLayouter.h; sourceTree = "<group>"; };
		18B382261B01D6AF008E7C4B /* SCImagesLayouter.m */ = {isa = PBXFileReference; fileEncoding = 4; lastKnownFileType = sourcecode.c.objc; path = SCImagesLayouter.m; sourceTree = "<group>"; };
		18B382271B01D6AF008E7C4B /* SCImageViewController.h */ = {isa = PBXFileReference; fileEncoding = 4; lastKnownFileType = sourcecode.c.h; path = SCImageViewController.h; sourceTree = "<group>"; };
		18B382281B01D6AF008E7C4B /* SCImageViewController.m */ = {isa = PBXFileReference; fileEncoding = 4; lastKnownFileType = sourcecode.c.objc; path = SCImageViewController.m; sourceTree = "<group>"; };
		18B382291B01D6AF008E7C4B /* SCImageViewController.xib */ = {isa = PBXFileReference; fileEncoding = 4; lastKnownFileType = file.xib; path = SCImageViewController.xib; sourceTree = "<group>"; };
		18B3822B1B01D6AF008E7C4B /* SCMenusLayouter.h */ = {isa = PBXFileReference; fileEncoding = 4; lastKnownFileType = sourcecode.c.h; path = SCMenusLayouter.h; sourceTree = "<group>"; };
		18B3822C1B01D6AF008E7C4B /* SCMenusLayouter.m */ = {isa = PBXFileReference; fileEncoding = 4; lastKnownFileType = sourcecode.c.objc; path = SCMenusLayouter.m; sourceTree = "<group>"; };
		18B3822D1B01D6AF008E7C4B /* SCMenuViewController.h */ = {isa = PBXFileReference; fileEncoding = 4; lastKnownFileType = sourcecode.c.h; path = SCMenuViewController.h; sourceTree = "<group>"; };
		18B3822E1B01D6AF008E7C4B /* SCMenuViewController.m */ = {isa = PBXFileReference; fileEncoding = 4; lastKnownFileType = sourcecode.c.objc; path = SCMenuViewController.m; sourceTree = "<group>"; };
		18B3822F1B01D6AF008E7C4B /* SCMenuViewController.xib */ = {isa = PBXFileReference; fileEncoding = 4; lastKnownFileType = file.xib; path = SCMenuViewController.xib; sourceTree = "<group>"; };
		18B382311B01D6AF008E7C4B /* SCModalViewController.h */ = {isa = PBXFileReference; fileEncoding = 4; lastKnownFileType = sourcecode.c.h; path = SCModalViewController.h; sourceTree = "<group>"; };
		18B382321B01D6AF008E7C4B /* SCModalViewController.m */ = {isa = PBXFileReference; fileEncoding = 4; lastKnownFileType = sourcecode.c.objc; path = SCModalViewController.m; sourceTree = "<group>"; };
		18B382331B01D6AF008E7C4B /* SCModalViewController.xib */ = {isa = PBXFileReference; fileEncoding = 4; lastKnownFileType = file.xib; path = SCModalViewController.xib; sourceTree = "<group>"; };
		18B382351B01D6AF008E7C4B /* SCTitleBarViewController.h */ = {isa = PBXFileReference; fileEncoding = 4; lastKnownFileType = sourcecode.c.h; path = SCTitleBarViewController.h; sourceTree = "<group>"; };
		18B382361B01D6AF008E7C4B /* SCTitleBarViewController.m */ = {isa = PBXFileReference; fileEncoding = 4; lastKnownFileType = sourcecode.c.objc; path = SCTitleBarViewController.m; sourceTree = "<group>"; };
		18B382371B01D6AF008E7C4B /* SCTitleBarViewController.xib */ = {isa = PBXFileReference; fileEncoding = 4; lastKnownFileType = file.xib; path = SCTitleBarViewController.xib; sourceTree = "<group>"; };
		18B382451B01D929008E7C4B /* SCModalLayouter.h */ = {isa = PBXFileReference; fileEncoding = 4; lastKnownFileType = sourcecode.c.h; path = SCModalLayouter.h; sourceTree = "<group>"; };
		18B382461B01D929008E7C4B /* SCModalLayouter.m */ = {isa = PBXFileReference; fileEncoding = 4; lastKnownFileType = sourcecode.c.objc; path = SCModalLayouter.m; sourceTree = "<group>"; };
		18B601761840F0F500E3A0DD /* SCOverlayView.h */ = {isa = PBXFileReference; fileEncoding = 4; lastKnownFileType = sourcecode.c.h; path = SCOverlayView.h; sourceTree = "<group>"; };
		18B601771840F0F500E3A0DD /* SCOverlayView.m */ = {isa = PBXFileReference; fileEncoding = 4; lastKnownFileType = sourcecode.c.objc; path = SCOverlayView.m; sourceTree = "<group>"; };
		18B601791840F10700E3A0DD /* SCOverlayView.xib */ = {isa = PBXFileReference; fileEncoding = 4; lastKnownFileType = file.xib; path = SCOverlayView.xib; sourceTree = "<group>"; };
		18C4D6A017F0C82A0046FACD /* SCParallaxStackLayouter.h */ = {isa = PBXFileReference; fileEncoding = 4; lastKnownFileType = sourcecode.c.h; path = SCParallaxStackLayouter.h; sourceTree = "<group>"; };
		18C4D6A117F0C82A0046FACD /* SCParallaxStackLayouter.m */ = {isa = PBXFileReference; fileEncoding = 4; lastKnownFileType = sourcecode.c.objc; path = SCParallaxStackLayouter.m; sourceTree = "<group>"; };
		18C4D6A217F0C82A0046FACD /* SCSlidingStackLayouter.h */ = {isa = PBXFileReference; fileEncoding = 4; lastKnownFileType = sourcecode.c.h; path = SCSlidingStackLayouter.h; sourceTree = "<group>"; };
		18C4D6A317F0C82A0046FACD /* SCSlidingStackLayouter.m */ = {isa = PBXFileReference; fileEncoding = 4; lastKnownFileType = sourcecode.c.objc; path = SCSlidingStackLayouter.m; sourceTree = "<group>"; };
		18C4D6A417F0C82A0046FACD /* SCStackLayouter.h */ = {isa = PBXFileReference; fileEncoding = 4; lastKnownFileType = sourcecode.c.h; path = SCStackLayouter.h; sourceTree = "<group>"; };
		18C4D6A517F0C82A0046FACD /* SCStackLayouter.m */ = {isa = PBXFileReference; fileEncoding = 4; lastKnownFileType = sourcecode.c.objc; path = SCStackLayouter.m; sourceTree = "<group>"; };
		18C4D6A617F0C82A0046FACD /* SCStackLayouterProtocol.h */ = {isa = PBXFileReference; fileEncoding = 4; lastKnownFileType = sourcecode.c.h; path = SCStackLayouterProtocol.h; sourceTree = "<group>"; };
		18C4D6A717F0C82A0046FACD /* SCStackViewController.h */ = {isa = PBXFileReference; fileEncoding = 4; lastKnownFileType = sourcecode.c.h; path = SCStackViewController.h; sourceTree = "<group>"; };
		18C4D6A817F0C82A0046FACD /* SCStackViewController.m */ = {isa = PBXFileReference; fileEncoding = 4; lastKnownFileType = sourcecode.c.objc; path = SCStackViewController.m; sourceTree = "<group>"; };
		18C8B23217BFC443000FAEE5 /* QuartzCore.framework */ = {isa = PBXFileReference; lastKnownFileType = wrapper.framework; name = QuartzCore.framework; path = System/Library/Frameworks/QuartzCore.framework; sourceTree = SDKROOT; };
		18ED27761B02481800659E87 /* SCTitleBarCollectionViewCell.h */ = {isa = PBXFileReference; fileEncoding = 4; lastKnownFileType = sourcecode.c.h; path = SCTitleBarCollectionViewCell.h; sourceTree = "<group>"; };
		18ED27771B02481800659E87 /* SCTitleBarCollectionViewCell.m */ = {isa = PBXFileReference; fileEncoding = 4; lastKnownFileType = sourcecode.c.objc; path = SCTitleBarCollectionViewCell.m; sourceTree = "<group>"; };
		18ED27781B02481800659E87 /* SCTitleBarCollectionViewCell.xib */ = {isa = PBXFileReference; fileEncoding = 4; lastKnownFileType = file.xib; path = SCTitleBarCollectionViewCell.xib; sourceTree = "<group>"; };
		18FEAAE217B3ED2F00788EF0 /* SCStackViewController.app */ = {isa = PBXFileReference; explicitFileType = wrapper.application; includeInIndex = 0; path = SCStackViewController.app; sourceTree = BUILT_PRODUCTS_DIR; };
		18FEAAE517B3ED2F00788EF0 /* UIKit.framework */ = {isa = PBXFileReference; lastKnownFileType = wrapper.framework; name = UIKit.framework; path = System/Library/Frameworks/UIKit.framework; sourceTree = SDKROOT; };
		18FEAAE717B3ED2F00788EF0 /* Foundation.framework */ = {isa = PBXFileReference; lastKnownFileType = wrapper.framework; name = Foundation.framework; path = System/Library/Frameworks/Foundation.framework; sourceTree = SDKROOT; };
		18FEAAE917B3ED2F00788EF0 /* CoreGraphics.framework */ = {isa = PBXFileReference; lastKnownFileType = wrapper.framework; name = CoreGraphics.framework; path = System/Library/Frameworks/CoreGraphics.framework; sourceTree = SDKROOT; };
		18FEAAED17B3ED2F00788EF0 /* SCStackViewController-Info.plist */ = {isa = PBXFileReference; lastKnownFileType = text.plist.xml; path = "SCStackViewController-Info.plist"; sourceTree = "<group>"; };
		18FEAAF117B3ED2F00788EF0 /* main.m */ = {isa = PBXFileReference; lastKnownFileType = sourcecode.c.objc; path = main.m; sourceTree = "<group>"; };
		642CD41E6249C9730BE87603 /* Pods.release.xcconfig */ = {isa = PBXFileReference; includeInIndex = 1; lastKnownFileType = text.xcconfig; name = Pods.release.xcconfig; path = "Pods/Target Support Files/Pods/Pods.release.xcconfig"; sourceTree = "<group>"; };
		EBCFE08D7F870C09CCE0F816 /* libPods.a */ = {isa = PBXFileReference; explicitFileType = archive.ar; includeInIndex = 0; path = libPods.a; sourceTree = BUILT_PRODUCTS_DIR; };
		EBD53A29BD55EE85F062AF39 /* Pods.debug.xcconfig */ = {isa = PBXFileReference; includeInIndex = 1; lastKnownFileType = text.xcconfig; name = Pods.debug.xcconfig; path = "Pods/Target Support Files/Pods/Pods.debug.xcconfig"; sourceTree = "<group>"; };
/* End PBXFileReference section */

/* Begin PBXFrameworksBuildPhase section */
		18FEAADF17B3ED2F00788EF0 /* Frameworks */ = {
			isa = PBXFrameworksBuildPhase;
			buildActionMask = 2147483647;
			files = (
				18C8B23317BFC443000FAEE5 /* QuartzCore.framework in Frameworks */,
				18FEAAE617B3ED2F00788EF0 /* UIKit.framework in Frameworks */,
				18FEAAE817B3ED2F00788EF0 /* Foundation.framework in Frameworks */,
				18FEAAEA17B3ED2F00788EF0 /* CoreGraphics.framework in Frameworks */,
				A3BBEC421749042B6A2646AD /* libPods.a in Frameworks */,
			);
			runOnlyForDeploymentPostprocessing = 0;
		};
/* End PBXFrameworksBuildPhase section */

/* Begin PBXGroup section */
		1823A8CE17BEAC7500D58582 /* Helpers */ = {
			isa = PBXGroup;
			children = (
				1823A8CF17BEAC7500D58582 /* UIColor+RandomColors.h */,
				1823A8D017BEAC7500D58582 /* UIColor+RandomColors.m */,
				1823A8D117BEAC7500D58582 /* UIView+Shadows.h */,
				1823A8D217BEAC7500D58582 /* UIView+Shadows.m */,
			);
			path = Helpers;
			sourceTree = "<group>";
		};
		1896276A1AFE70CB003D96F1 /* Resources */ = {
			isa = PBXGroup;
			children = (
				1896276B1AFE70CB003D96F1 /* Images */,
			);
			path = Resources;
			sourceTree = "<group>";
		};
		1896276B1AFE70CB003D96F1 /* Images */ = {
			isa = PBXGroup;
			children = (
				186814A61B36A82B00697D20 /* panorama.jpg */,
				1870D3C51AFEC0EE0041C6D8 /* feathers.jpg */,
				186F75581B00A0FB0073714C /* left-menu-tab.png */,
				186F75591B00A0FB0073714C /* left-menu-tab@2x.png */,
				189627951AFE8423003D96F1 /* london.jpg */,
				186F755A1B00A0FB0073714C /* right-menu-tab.png */,
				186F755B1B00A0FB0073714C /* right-menu-tab@2x.png */,
			);
			path = Images;
			sourceTree = "<group>";
		};
		18B382241B01D6AF008E7C4B /* ImagesDemo */ = {
			isa = PBXGroup;
			children = (
				18B382251B01D6AF008E7C4B /* SCImagesLayouter.h */,
				18B382261B01D6AF008E7C4B /* SCImagesLayouter.m */,
				18B382271B01D6AF008E7C4B /* SCImageViewController.h */,
				18B382281B01D6AF008E7C4B /* SCImageViewController.m */,
				18B382291B01D6AF008E7C4B /* SCImageViewController.xib */,
			);
			path = ImagesDemo;
			sourceTree = "<group>";
		};
		18B3822A1B01D6AF008E7C4B /* MenusDemo */ = {
			isa = PBXGroup;
			children = (
				18B3822B1B01D6AF008E7C4B /* SCMenusLayouter.h */,
				18B3822C1B01D6AF008E7C4B /* SCMenusLayouter.m */,
				18B3822D1B01D6AF008E7C4B /* SCMenuViewController.h */,
				18B3822E1B01D6AF008E7C4B /* SCMenuViewController.m */,
				18B3822F1B01D6AF008E7C4B /* SCMenuViewController.xib */,
			);
			path = MenusDemo;
			sourceTree = "<group>";
		};
		18B382301B01D6AF008E7C4B /* ModalDemo */ = {
			isa = PBXGroup;
			children = (
				18B382451B01D929008E7C4B /* SCModalLayouter.h */,
				18B382461B01D929008E7C4B /* SCModalLayouter.m */,
				18B382311B01D6AF008E7C4B /* SCModalViewController.h */,
				18B382321B01D6AF008E7C4B /* SCModalViewController.m */,
				18B382331B01D6AF008E7C4B /* SCModalViewController.xib */,
			);
			path = ModalDemo;
			sourceTree = "<group>";
		};
		18B382341B01D6AF008E7C4B /* TitleBarDemo */ = {
			isa = PBXGroup;
			children = (
				18B382351B01D6AF008E7C4B /* SCTitleBarViewController.h */,
				18B382361B01D6AF008E7C4B /* SCTitleBarViewController.m */,
				18B382371B01D6AF008E7C4B /* SCTitleBarViewController.xib */,
				18ED27761B02481800659E87 /* SCTitleBarCollectionViewCell.h */,
				18ED27771B02481800659E87 /* SCTitleBarCollectionViewCell.m */,
				18ED27781B02481800659E87 /* SCTitleBarCollectionViewCell.xib */,
			);
			path = TitleBarDemo;
			sourceTree = "<group>";
		};
		18C4D69717F0C82A0046FACD /* SCStackViewController */ = {
			isa = PBXGroup;
			children = (
				18C4D69817F0C82A0046FACD /* Layouters */,
				18C4D6A717F0C82A0046FACD /* SCStackViewController.h */,
				18C4D6A817F0C82A0046FACD /* SCStackViewController.m */,
				183913241A6ADD7700BD9B59 /* SCStackViewControllerView.h */,
				183913251A6ADD7700BD9B59 /* SCStackViewControllerView.m */,
				1830BFDC1886C060004ED34D /* SCStackNavigationStep.h */,
				1830BFDD1886C060004ED34D /* SCStackNavigationStep.m */,
			);
			name = SCStackViewController;
			path = ../../SCStackViewController;
			sourceTree = "<group>";
		};
		18C4D69817F0C82A0046FACD /* Layouters */ = {
			isa = PBXGroup;
			children = (
				18C4D6A617F0C82A0046FACD /* SCStackLayouterProtocol.h */,
				18C4D6A417F0C82A0046FACD /* SCStackLayouter.h */,
				18C4D6A517F0C82A0046FACD /* SCStackLayouter.m */,
				18C4D6A217F0C82A0046FACD /* SCSlidingStackLayouter.h */,
				18C4D6A317F0C82A0046FACD /* SCSlidingStackLayouter.m */,
				18C4D6A017F0C82A0046FACD /* SCParallaxStackLayouter.h */,
				18C4D6A117F0C82A0046FACD /* SCParallaxStackLayouter.m */,
				18439FB318912EB10094674E /* SCResizingStackLayouter.h */,
				18439FB418912EB10094674E /* SCResizingStackLayouter.m */,
				189627921AFE8212003D96F1 /* SCReversedStackLayouter.h */,
				189627931AFE8212003D96F1 /* SCReversedStackLayouter.m */,
			);
			path = Layouters;
			sourceTree = "<group>";
		};
		18FEAAD917B3ED2F00788EF0 = {
			isa = PBXGroup;
			children = (
				18FEAAEB17B3ED2F00788EF0 /* Demo */,
				18FEAAE417B3ED2F00788EF0 /* Frameworks */,
				18FEAAE317B3ED2F00788EF0 /* Products */,
				329D4B3A1FB8B2A2FB5B5FD5 /* Pods */,
			);
			sourceTree = "<group>";
		};
		18FEAAE317B3ED2F00788EF0 /* Products */ = {
			isa = PBXGroup;
			children = (
				18FEAAE217B3ED2F00788EF0 /* SCStackViewController.app */,
			);
			name = Products;
			sourceTree = "<group>";
		};
		18FEAAE417B3ED2F00788EF0 /* Frameworks */ = {
			isa = PBXGroup;
			children = (
				18C8B23217BFC443000FAEE5 /* QuartzCore.framework */,
				18FEAAE517B3ED2F00788EF0 /* UIKit.framework */,
				18FEAAE717B3ED2F00788EF0 /* Foundation.framework */,
				18FEAAE917B3ED2F00788EF0 /* CoreGraphics.framework */,
				EBCFE08D7F870C09CCE0F816 /* libPods.a */,
			);
			name = Frameworks;
			sourceTree = "<group>";
		};
		18FEAAEB17B3ED2F00788EF0 /* Demo */ = {
			isa = PBXGroup;
			children = (
				18C4D69717F0C82A0046FACD /* SCStackViewController */,
				1823A8D317BEAC7500D58582 /* SCAppDelegate.h */,
				1823A8D417BEAC7500D58582 /* SCAppDelegate.m */,
				1823A8DE17BEAC7500D58582 /* SCRootViewController.h */,
				1823A8DF17BEAC7500D58582 /* SCRootViewController.m */,
				1823A8E017BEAC7500D58582 /* SCRootViewController.xib */,
				18364B4517BFB6450066F67A /* SCMainViewController.h */,
				18364B4617BFB6450066F67A /* SCMainViewController.m */,
				18364B4717BFB6450066F67A /* SCMainViewController.xib */,
				18B601761840F0F500E3A0DD /* SCOverlayView.h */,
				18B601771840F0F500E3A0DD /* SCOverlayView.m */,
				18B601791840F10700E3A0DD /* SCOverlayView.xib */,
				1870D3C21AFEA7C40041C6D8 /* SCStackedViewControllerProtocol.h */,
				18B382241B01D6AF008E7C4B /* ImagesDemo */,
				18B3822A1B01D6AF008E7C4B /* MenusDemo */,
				18B382301B01D6AF008E7C4B /* ModalDemo */,
				18B382341B01D6AF008E7C4B /* TitleBarDemo */,
				1823A8CE17BEAC7500D58582 /* Helpers */,
				1896276A1AFE70CB003D96F1 /* Resources */,
				18FEAAEC17B3ED2F00788EF0 /* Supporting Files */,
			);
			name = Demo;
			path = SCStackViewController;
			sourceTree = "<group>";
		};
		18FEAAEC17B3ED2F00788EF0 /* Supporting Files */ = {
			isa = PBXGroup;
			children = (
				18FEAAED17B3ED2F00788EF0 /* SCStackViewController-Info.plist */,
				18FEAAF117B3ED2F00788EF0 /* main.m */,
			);
			name = "Supporting Files";
			sourceTree = "<group>";
		};
		329D4B3A1FB8B2A2FB5B5FD5 /* Pods */ = {
			isa = PBXGroup;
			children = (
				EBD53A29BD55EE85F062AF39 /* Pods.debug.xcconfig */,
				642CD41E6249C9730BE87603 /* Pods.release.xcconfig */,
			);
			name = Pods;
			sourceTree = "<group>";
		};
/* End PBXGroup section */

/* Begin PBXNativeTarget section */
		18FEAAE117B3ED2F00788EF0 /* SCStackViewController */ = {
			isa = PBXNativeTarget;
			buildConfigurationList = 18FEAB0517B3ED2F00788EF0 /* Build configuration list for PBXNativeTarget "SCStackViewController" */;
			buildPhases = (
				710405C2CB1B685FF914CDEF /* Check Pods Manifest.lock */,
				18FEAADE17B3ED2F00788EF0 /* Sources */,
				18FEAADF17B3ED2F00788EF0 /* Frameworks */,
				18FEAAE017B3ED2F00788EF0 /* Resources */,
				5526F188093DCCE9984E6EA4 /* Copy Pods Resources */,
			);
			buildRules = (
			);
			dependencies = (
			);
			name = SCStackViewController;
			productName = SCStackViewController;
			productReference = 18FEAAE217B3ED2F00788EF0 /* SCStackViewController.app */;
			productType = "com.apple.product-type.application";
		};
/* End PBXNativeTarget section */

/* Begin PBXProject section */
		18FEAADA17B3ED2F00788EF0 /* Project object */ = {
			isa = PBXProject;
			attributes = {
				CLASSPREFIX = SC;
				LastUpgradeCheck = 0720;
				ORGANIZATIONNAME = "Stefan Ceriu";
			};
			buildConfigurationList = 18FEAADD17B3ED2F00788EF0 /* Build configuration list for PBXProject "SCStackViewController" */;
			compatibilityVersion = "Xcode 3.2";
			developmentRegion = English;
			hasScannedForEncodings = 0;
			knownRegions = (
				en,
			);
			mainGroup = 18FEAAD917B3ED2F00788EF0;
			productRefGroup = 18FEAAE317B3ED2F00788EF0 /* Products */;
			projectDirPath = "";
			projectRoot = "";
			targets = (
				18FEAAE117B3ED2F00788EF0 /* SCStackViewController */,
			);
		};
/* End PBXProject section */

/* Begin PBXResourcesBuildPhase section */
		18FEAAE017B3ED2F00788EF0 /* Resources */ = {
			isa = PBXResourcesBuildPhase;
			buildActionMask = 2147483647;
			files = (
				18B382411B01D6AF008E7C4B /* SCTitleBarViewController.xib in Resources */,
				18B6017A1840F10700E3A0DD /* SCOverlayView.xib in Resources */,
				1870D3C61AFEC0EE0041C6D8 /* feathers.jpg in Resources */,
				186814A71B36A82B00697D20 /* panorama.jpg in Resources */,
				18ED277A1B02481800659E87 /* SCTitleBarCollectionViewCell.xib in Resources */,
				186F755D1B00A0FB0073714C /* left-menu-tab@2x.png in Resources */,
				186F755C1B00A0FB0073714C /* left-menu-tab.png in Resources */,
				18B3823D1B01D6AF008E7C4B /* SCMenuViewController.xib in Resources */,
				189627961AFE8423003D96F1 /* london.jpg in Resources */,
				18B3823A1B01D6AF008E7C4B /* SCImageViewController.xib in Resources */,
				186F755E1B00A0FB0073714C /* right-menu-tab.png in Resources */,
				186F755F1B00A0FB0073714C /* right-menu-tab@2x.png in Resources */,
				18B3823F1B01D6AF008E7C4B /* SCModalViewController.xib in Resources */,
				1823A8E917BEAC7500D58582 /* SCRootViewController.xib in Resources */,
				18364B4917BFB6450066F67A /* SCMainViewController.xib in Resources */,
			);
			runOnlyForDeploymentPostprocessing = 0;
		};
/* End PBXResourcesBuildPhase section */

/* Begin PBXShellScriptBuildPhase section */
		5526F188093DCCE9984E6EA4 /* Copy Pods Resources */ = {
			isa = PBXShellScriptBuildPhase;
			buildActionMask = 2147483647;
			files = (
			);
			inputPaths = (
			);
			name = "Copy Pods Resources";
			outputPaths = (
			);
			runOnlyForDeploymentPostprocessing = 0;
			shellPath = /bin/sh;
			shellScript = "\"${SRCROOT}/Pods/Target Support Files/Pods/Pods-resources.sh\"\n";
			showEnvVarsInLog = 0;
		};
		710405C2CB1B685FF914CDEF /* Check Pods Manifest.lock */ = {
			isa = PBXShellScriptBuildPhase;
			buildActionMask = 2147483647;
			files = (
			);
			inputPaths = (
			);
			name = "Check Pods Manifest.lock";
			outputPaths = (
			);
			runOnlyForDeploymentPostprocessing = 0;
			shellPath = /bin/sh;
			shellScript = "diff \"${PODS_ROOT}/../Podfile.lock\" \"${PODS_ROOT}/Manifest.lock\" > /dev/null\nif [[ $? != 0 ]] ; then\n    cat << EOM\nerror: The sandbox is not in sync with the Podfile.lock. Run 'pod install' or update your CocoaPods installation.\nEOM\n    exit 1\nfi\n";
			showEnvVarsInLog = 0;
		};
/* End PBXShellScriptBuildPhase section */

/* Begin PBXSourcesBuildPhase section */
		18FEAADE17B3ED2F00788EF0 /* Sources */ = {
			isa = PBXSourcesBuildPhase;
			buildActionMask = 2147483647;
			files = (
				18B3823C1B01D6AF008E7C4B /* SCMenuViewController.m in Sources */,
				18FEAAF217B3ED2F00788EF0 /* main.m in Sources */,
				18C4D6AE17F0C82A0046FACD /* SCParallaxStackLayouter.m in Sources */,
				18C4D6B017F0C82A0046FACD /* SCStackLayouter.m in Sources */,
				1830BFDE1886C060004ED34D /* SCStackNavigationStep.m in Sources */,
				1823A8E117BEAC7500D58582 /* UIColor+RandomColors.m in Sources */,
				189627941AFE8212003D96F1 /* SCReversedStackLayouter.m in Sources */,
				18B382391B01D6AF008E7C4B /* SCImageViewController.m in Sources */,
				18B3823E1B01D6AF008E7C4B /* SCModalViewController.m in Sources */,
				1823A8E217BEAC7500D58582 /* UIView+Shadows.m in Sources */,
				18B382471B01D929008E7C4B /* SCModalLayouter.m in Sources */,
				18C4D6B117F0C82A0046FACD /* SCStackViewController.m in Sources */,
				1823A8E317BEAC7500D58582 /* SCAppDelegate.m in Sources */,
				18ED27791B02481800659E87 /* SCTitleBarCollectionViewCell.m in Sources */,
				18439FB518912EB10094674E /* SCResizingStackLayouter.m in Sources */,
				1823A8E817BEAC7500D58582 /* SCRootViewController.m in Sources */,
				18C4D6AF17F0C82A0046FACD /* SCSlidingStackLayouter.m in Sources */,
				18B382401B01D6AF008E7C4B /* SCTitleBarViewController.m in Sources */,
				18B3823B1B01D6AF008E7C4B /* SCMenusLayouter.m in Sources */,
				18B601781840F0F500E3A0DD /* SCOverlayView.m in Sources */,
				18364B4817BFB6450066F67A /* SCMainViewController.m in Sources */,
				18B382381B01D6AF008E7C4B /* SCImagesLayouter.m in Sources */,
				183913261A6ADD7700BD9B59 /* SCStackViewControllerView.m in Sources */,
			);
			runOnlyForDeploymentPostprocessing = 0;
		};
/* End PBXSourcesBuildPhase section */

/* Begin XCBuildConfiguration section */
		18FEAB0317B3ED2F00788EF0 /* Debug */ = {
			isa = XCBuildConfiguration;
			buildSettings = {
				ALWAYS_SEARCH_USER_PATHS = NO;
				CLANG_CXX_LANGUAGE_STANDARD = "gnu++0x";
				CLANG_CXX_LIBRARY = "libc++";
				CLANG_ENABLE_OBJC_ARC = YES;
				CLANG_WARN_CONSTANT_CONVERSION = YES;
				CLANG_WARN_EMPTY_BODY = YES;
				CLANG_WARN_ENUM_CONVERSION = YES;
				CLANG_WARN_INT_CONVERSION = YES;
				CLANG_WARN__DUPLICATE_METHOD_MATCH = YES;
				"CODE_SIGN_IDENTITY[sdk=iphoneos*]" = "iPhone Developer";
				COPY_PHASE_STRIP = NO;
				ENABLE_TESTABILITY = YES;
				GCC_C_LANGUAGE_STANDARD = gnu99;
				GCC_DYNAMIC_NO_PIC = NO;
				GCC_OPTIMIZATION_LEVEL = 0;
				GCC_PREPROCESSOR_DEFINITIONS = (
					"DEBUG=1",
					"$(inherited)",
				);
				GCC_SYMBOLS_PRIVATE_EXTERN = NO;
				GCC_WARN_ABOUT_RETURN_TYPE = YES;
				GCC_WARN_UNINITIALIZED_AUTOS = YES;
				GCC_WARN_UNUSED_VARIABLE = YES;
				IPHONEOS_DEPLOYMENT_TARGET = 6.1;
				ONLY_ACTIVE_ARCH = YES;
				SDKROOT = iphoneos;
				TARGETED_DEVICE_FAMILY = 2;
			};
			name = Debug;
		};
		18FEAB0417B3ED2F00788EF0 /* Release */ = {
			isa = XCBuildConfiguration;
			buildSettings = {
				ALWAYS_SEARCH_USER_PATHS = NO;
				CLANG_CXX_LANGUAGE_STANDARD = "gnu++0x";
				CLANG_CXX_LIBRARY = "libc++";
				CLANG_ENABLE_OBJC_ARC = YES;
				CLANG_WARN_CONSTANT_CONVERSION = YES;
				CLANG_WARN_EMPTY_BODY = YES;
				CLANG_WARN_ENUM_CONVERSION = YES;
				CLANG_WARN_INT_CONVERSION = YES;
				CLANG_WARN__DUPLICATE_METHOD_MATCH = YES;
				"CODE_SIGN_IDENTITY[sdk=iphoneos*]" = "iPhone Developer";
				COPY_PHASE_STRIP = YES;
				GCC_C_LANGUAGE_STANDARD = gnu99;
				GCC_WARN_ABOUT_RETURN_TYPE = YES;
				GCC_WARN_UNINITIALIZED_AUTOS = YES;
				GCC_WARN_UNUSED_VARIABLE = YES;
				IPHONEOS_DEPLOYMENT_TARGET = 6.1;
				OTHER_CFLAGS = "-DNS_BLOCK_ASSERTIONS=1";
				SDKROOT = iphoneos;
				TARGETED_DEVICE_FAMILY = 2;
				VALIDATE_PRODUCT = YES;
			};
			name = Release;
		};
		18FEAB0617B3ED2F00788EF0 /* Debug */ = {
			isa = XCBuildConfiguration;
			baseConfigurationReference = EBD53A29BD55EE85F062AF39 /* Pods.debug.xcconfig */;
			buildSettings = {
				CLANG_ENABLE_MODULES = YES;
				CODE_SIGN_IDENTITY = "iPhone Developer";
				GCC_PRECOMPILE_PREFIX_HEADER = NO;
				GCC_PREFIX_HEADER = "";
				INFOPLIST_FILE = "SCStackViewController/SCStackViewController-Info.plist";
				IPHONEOS_DEPLOYMENT_TARGET = 7.0;
				PRODUCT_BUNDLE_IDENTIFIER = "com.stefanceriu.${PRODUCT_NAME:rfc1034identifier}";
				PRODUCT_NAME = "$(TARGET_NAME)";
				TARGETED_DEVICE_FAMILY = 2;
				WRAPPER_EXTENSION = app;
			};
			name = Debug;
		};
		18FEAB0717B3ED2F00788EF0 /* Release */ = {
			isa = XCBuildConfiguration;
			baseConfigurationReference = 642CD41E6249C9730BE87603 /* Pods.release.xcconfig */;
			buildSettings = {
				CLANG_ENABLE_MODULES = YES;
				CODE_SIGN_IDENTITY = "iPhone Developer";
				GCC_PRECOMPILE_PREFIX_HEADER = NO;
				GCC_PREFIX_HEADER = "";
				INFOPLIST_FILE = "SCStackViewController/SCStackViewController-Info.plist";
				IPHONEOS_DEPLOYMENT_TARGET = 7.0;
				PRODUCT_BUNDLE_IDENTIFIER = "com.stefanceriu.${PRODUCT_NAME:rfc1034identifier}";
				PRODUCT_NAME = "$(TARGET_NAME)";
				TARGETED_DEVICE_FAMILY = 2;
				WRAPPER_EXTENSION = app;
			};
			name = Release;
		};
/* End XCBuildConfiguration section */

/* Begin XCConfigurationList section */
		18FEAADD17B3ED2F00788EF0 /* Build configuration list for PBXProject "SCStackViewController" */ = {
			isa = XCConfigurationList;
			buildConfigurations = (
				18FEAB0317B3ED2F00788EF0 /* Debug */,
				18FEAB0417B3ED2F00788EF0 /* Release */,
			);
			defaultConfigurationIsVisible = 0;
			defaultConfigurationName = Release;
		};
		18FEAB0517B3ED2F00788EF0 /* Build configuration list for PBXNativeTarget "SCStackViewController" */ = {
			isa = XCConfigurationList;
			buildConfigurations = (
				18FEAB0617B3ED2F00788EF0 /* Debug */,
				18FEAB0717B3ED2F00788EF0 /* Release */,
			);
			defaultConfigurationIsVisible = 0;
			defaultConfigurationName = Release;
		};
/* End XCConfigurationList section */
	};
	rootObject = 18FEAADA17B3ED2F00788EF0 /* Project object */;
}
